
Microsoft Visual Studio Solution File, Format Version 12.00
# Visual Studio Version 17
VisualStudioVersion = 17.0.31912.275
MinimumVisualStudioVersion = 10.0.40219.1
Project("{FAE04EC0-301F-11D3-BF4B-00C04F79EFBC}") = "Itrations", "Itrations\Itrations.csproj", "{FBE9C0C5-E5B3-43D5-A516-B8B52DA2C33D}"
EndProject
Global
	GlobalSection(SolutionConfigurationPlatforms) = preSolution
		Debug|Any CPU = Debug|Any CPU
		Release|Any CPU = Release|Any CPU
	EndGlobalSection
	GlobalSection(ProjectConfigurationPlatforms) = postSolution
		{FBE9C0C5-E5B3-43D5-A516-B8B52DA2C33D}.Debug|Any CPU.ActiveCfg = Debug|Any CPU
		{FBE9C0C5-E5B3-43D5-A516-B8B52DA2C33D}.Debug|Any CPU.Build.0 = Debug|Any CPU
		{FBE9C0C5-E5B3-43D5-A516-B8B52DA2C33D}.Release|Any CPU.ActiveCfg = Release|Any CPU
		{FBE9C0C5-E5B3-43D5-A516-B8B52DA2C33D}.Release|Any CPU.Build.0 = Release|Any CPU
	EndGlobalSection
	GlobalSection(SolutionProperties) = preSolution
		HideSolutionNode = FALSE
	EndGlobalSection
	GlobalSection(ExtensibilityGlobals) = postSolution
		SolutionGuid = {6F7CE137-6B73-4757-8CA5-727D832A4D0E}
	EndGlobalSection
EndGlobal
